
Microsoft Visual Studio Solution File, Format Version 11.00
# Visual C++ Express 2010
Project("{8BC9CEB8-8B4A-11D0-8D11-00A0C91BC942}") = "p022", "p022\p022.vcxproj", "{0C7214A8-7243-4B68-ABAC-0C7D206DF012}"
EndProject
Global
	GlobalSection(SolutionConfigurationPlatforms) = preSolution
		Debug|Win32 = Debug|Win32
		Release|Win32 = Release|Win32
	EndGlobalSection
	GlobalSection(ProjectConfigurationPlatforms) = postSolution
		{0C7214A8-7243-4B68-ABAC-0C7D206DF012}.Debug|Win32.ActiveCfg = Debug|Win32
		{0C7214A8-7243-4B68-ABAC-0C7D206DF012}.Debug|Win32.Build.0 = Debug|Win32
		{0C7214A8-7243-4B68-ABAC-0C7D206DF012}.Release|Win32.ActiveCfg = Release|Win32
		{0C7214A8-7243-4B68-ABAC-0C7D206DF012}.Release|Win32.Build.0 = Release|Win32
	EndGlobalSection
	GlobalSection(SolutionProperties) = preSolution
		HideSolutionNode = FALSE
	EndGlobalSection
EndGlobal
