
Microsoft Visual Studio Solution File, Format Version 11.00
# Visual C++ Express 2010
Project("{8BC9CEB8-8B4A-11D0-8D11-00A0C91BC942}") = "kadai1.4", "kadai1.4\kadai1.4.vcxproj", "{954C11CD-17D9-4E91-AE11-DDE7BA690177}"
EndProject
Global
	GlobalSection(SolutionConfigurationPlatforms) = preSolution
		Debug|Win32 = Debug|Win32
		Release|Win32 = Release|Win32
	EndGlobalSection
	GlobalSection(ProjectConfigurationPlatforms) = postSolution
		{954C11CD-17D9-4E91-AE11-DDE7BA690177}.Debug|Win32.ActiveCfg = Debug|Win32
		{954C11CD-17D9-4E91-AE11-DDE7BA690177}.Debug|Win32.Build.0 = Debug|Win32
		{954C11CD-17D9-4E91-AE11-DDE7BA690177}.Release|Win32.ActiveCfg = Release|Win32
		{954C11CD-17D9-4E91-AE11-DDE7BA690177}.Release|Win32.Build.0 = Release|Win32
	EndGlobalSection
	GlobalSection(SolutionProperties) = preSolution
		HideSolutionNode = FALSE
	EndGlobalSection
EndGlobal
