
Microsoft Visual Studio Solution File, Format Version 11.00
# Visual C++ Express 2010
Project("{8BC9CEB8-8B4A-11D0-8D11-00A0C91BC942}") = "kadai2.4", "kadai2.4\kadai2.4.vcxproj", "{88AA3204-1ACF-418A-A271-B4039C2CE22B}"
EndProject
Global
	GlobalSection(SolutionConfigurationPlatforms) = preSolution
		Debug|Win32 = Debug|Win32
		Release|Win32 = Release|Win32
	EndGlobalSection
	GlobalSection(ProjectConfigurationPlatforms) = postSolution
		{88AA3204-1ACF-418A-A271-B4039C2CE22B}.Debug|Win32.ActiveCfg = Debug|Win32
		{88AA3204-1ACF-418A-A271-B4039C2CE22B}.Debug|Win32.Build.0 = Debug|Win32
		{88AA3204-1ACF-418A-A271-B4039C2CE22B}.Release|Win32.ActiveCfg = Release|Win32
		{88AA3204-1ACF-418A-A271-B4039C2CE22B}.Release|Win32.Build.0 = Release|Win32
	EndGlobalSection
	GlobalSection(SolutionProperties) = preSolution
		HideSolutionNode = FALSE
	EndGlobalSection
EndGlobal
