
Microsoft Visual Studio Solution File, Format Version 11.00
# Visual C++ Express 2010
Project("{8BC9CEB8-8B4A-11D0-8D11-00A0C91BC942}") = "p046", "p046\p046.vcxproj", "{9105DC86-85A9-406B-9A0A-70AC7C76161D}"
EndProject
Global
	GlobalSection(SolutionConfigurationPlatforms) = preSolution
		Debug|Win32 = Debug|Win32
		Release|Win32 = Release|Win32
	EndGlobalSection
	GlobalSection(ProjectConfigurationPlatforms) = postSolution
		{9105DC86-85A9-406B-9A0A-70AC7C76161D}.Debug|Win32.ActiveCfg = Debug|Win32
		{9105DC86-85A9-406B-9A0A-70AC7C76161D}.Debug|Win32.Build.0 = Debug|Win32
		{9105DC86-85A9-406B-9A0A-70AC7C76161D}.Release|Win32.ActiveCfg = Release|Win32
		{9105DC86-85A9-406B-9A0A-70AC7C76161D}.Release|Win32.Build.0 = Release|Win32
	EndGlobalSection
	GlobalSection(SolutionProperties) = preSolution
		HideSolutionNode = FALSE
	EndGlobalSection
EndGlobal
