
Microsoft Visual Studio Solution File, Format Version 11.00
# Visual C++ Express 2010
Project("{8BC9CEB8-8B4A-11D0-8D11-00A0C91BC942}") = "hennsuu2", "hennsuu2\hennsuu2.vcxproj", "{F258C1A9-97D9-4540-80AB-135EED1A3119}"
EndProject
Global
	GlobalSection(SolutionConfigurationPlatforms) = preSolution
		Debug|Win32 = Debug|Win32
		Release|Win32 = Release|Win32
	EndGlobalSection
	GlobalSection(ProjectConfigurationPlatforms) = postSolution
		{F258C1A9-97D9-4540-80AB-135EED1A3119}.Debug|Win32.ActiveCfg = Debug|Win32
		{F258C1A9-97D9-4540-80AB-135EED1A3119}.Debug|Win32.Build.0 = Debug|Win32
		{F258C1A9-97D9-4540-80AB-135EED1A3119}.Release|Win32.ActiveCfg = Release|Win32
		{F258C1A9-97D9-4540-80AB-135EED1A3119}.Release|Win32.Build.0 = Release|Win32
	EndGlobalSection
	GlobalSection(SolutionProperties) = preSolution
		HideSolutionNode = FALSE
	EndGlobalSection
EndGlobal
