
Microsoft Visual Studio Solution File, Format Version 11.00
# Visual C++ Express 2010
Project("{8BC9CEB8-8B4A-11D0-8D11-00A0C91BC942}") = "3_kouki_kadai2", "3_kouki_kadai2\3_kouki_kadai2.vcxproj", "{A9B3467E-FDF1-4435-8CAC-42F4FB3B0C73}"
EndProject
Project("{8BC9CEB8-8B4A-11D0-8D11-00A0C91BC942}") = "breadth first search", "breadth first search\breadth first search.vcxproj", "{693300EE-C4BB-4194-A6D0-C8E45ABC8556}"
EndProject
Project("{8BC9CEB8-8B4A-11D0-8D11-00A0C91BC942}") = "kadai1", "kadai1\kadai1.vcxproj", "{3E6F47C1-DB64-4780-855C-70365BBB6D09}"
EndProject
Project("{8BC9CEB8-8B4A-11D0-8D11-00A0C91BC942}") = "dijkstra", "dijkstra\dijkstra.vcxproj", "{0107E033-8AE0-45D1-889A-D398FB311729}"
EndProject
Project("{8BC9CEB8-8B4A-11D0-8D11-00A0C91BC942}") = "kadai2", "kadai2\kadai2.vcxproj", "{0553D52B-C4EC-4D43-B4E0-F0759C98D35E}"
EndProject
Global
	GlobalSection(SolutionConfigurationPlatforms) = preSolution
		Debug|Win32 = Debug|Win32
		Release|Win32 = Release|Win32
	EndGlobalSection
	GlobalSection(ProjectConfigurationPlatforms) = postSolution
		{A9B3467E-FDF1-4435-8CAC-42F4FB3B0C73}.Debug|Win32.ActiveCfg = Debug|Win32
		{A9B3467E-FDF1-4435-8CAC-42F4FB3B0C73}.Debug|Win32.Build.0 = Debug|Win32
		{A9B3467E-FDF1-4435-8CAC-42F4FB3B0C73}.Release|Win32.ActiveCfg = Release|Win32
		{A9B3467E-FDF1-4435-8CAC-42F4FB3B0C73}.Release|Win32.Build.0 = Release|Win32
		{693300EE-C4BB-4194-A6D0-C8E45ABC8556}.Debug|Win32.ActiveCfg = Debug|Win32
		{693300EE-C4BB-4194-A6D0-C8E45ABC8556}.Debug|Win32.Build.0 = Debug|Win32
		{693300EE-C4BB-4194-A6D0-C8E45ABC8556}.Release|Win32.ActiveCfg = Release|Win32
		{693300EE-C4BB-4194-A6D0-C8E45ABC8556}.Release|Win32.Build.0 = Release|Win32
		{3E6F47C1-DB64-4780-855C-70365BBB6D09}.Debug|Win32.ActiveCfg = Debug|Win32
		{3E6F47C1-DB64-4780-855C-70365BBB6D09}.Debug|Win32.Build.0 = Debug|Win32
		{3E6F47C1-DB64-4780-855C-70365BBB6D09}.Release|Win32.ActiveCfg = Release|Win32
		{3E6F47C1-DB64-4780-855C-70365BBB6D09}.Release|Win32.Build.0 = Release|Win32
		{0107E033-8AE0-45D1-889A-D398FB311729}.Debug|Win32.ActiveCfg = Debug|Win32
		{0107E033-8AE0-45D1-889A-D398FB311729}.Debug|Win32.Build.0 = Debug|Win32
		{0107E033-8AE0-45D1-889A-D398FB311729}.Release|Win32.ActiveCfg = Release|Win32
		{0107E033-8AE0-45D1-889A-D398FB311729}.Release|Win32.Build.0 = Release|Win32
		{0553D52B-C4EC-4D43-B4E0-F0759C98D35E}.Debug|Win32.ActiveCfg = Debug|Win32
		{0553D52B-C4EC-4D43-B4E0-F0759C98D35E}.Debug|Win32.Build.0 = Debug|Win32
		{0553D52B-C4EC-4D43-B4E0-F0759C98D35E}.Release|Win32.ActiveCfg = Release|Win32
		{0553D52B-C4EC-4D43-B4E0-F0759C98D35E}.Release|Win32.Build.0 = Release|Win32
	EndGlobalSection
	GlobalSection(SolutionProperties) = preSolution
		HideSolutionNode = FALSE
	EndGlobalSection
EndGlobal
