
Microsoft Visual Studio Solution File, Format Version 11.00
# Visual C++ Express 2010
Project("{8BC9CEB8-8B4A-11D0-8D11-00A0C91BC942}") = "kadai1.2", "kadai1.2\kadai1.2.vcxproj", "{BAC2FBD4-5EF1-40BA-8C05-86D08A4947FF}"
EndProject
Global
	GlobalSection(SolutionConfigurationPlatforms) = preSolution
		Debug|Win32 = Debug|Win32
		Release|Win32 = Release|Win32
	EndGlobalSection
	GlobalSection(ProjectConfigurationPlatforms) = postSolution
		{BAC2FBD4-5EF1-40BA-8C05-86D08A4947FF}.Debug|Win32.ActiveCfg = Debug|Win32
		{BAC2FBD4-5EF1-40BA-8C05-86D08A4947FF}.Debug|Win32.Build.0 = Debug|Win32
		{BAC2FBD4-5EF1-40BA-8C05-86D08A4947FF}.Release|Win32.ActiveCfg = Release|Win32
		{BAC2FBD4-5EF1-40BA-8C05-86D08A4947FF}.Release|Win32.Build.0 = Release|Win32
	EndGlobalSection
	GlobalSection(SolutionProperties) = preSolution
		HideSolutionNode = FALSE
	EndGlobalSection
EndGlobal
