
Microsoft Visual Studio Solution File, Format Version 11.00
# Visual C++ Express 2010
Project("{8BC9CEB8-8B4A-11D0-8D11-00A0C91BC942}") = "p0016", "p0016\p0016.vcxproj", "{B093CBA1-3B6C-4671-9515-D6F48E26B274}"
EndProject
Global
	GlobalSection(SolutionConfigurationPlatforms) = preSolution
		Debug|Win32 = Debug|Win32
		Release|Win32 = Release|Win32
	EndGlobalSection
	GlobalSection(ProjectConfigurationPlatforms) = postSolution
		{B093CBA1-3B6C-4671-9515-D6F48E26B274}.Debug|Win32.ActiveCfg = Debug|Win32
		{B093CBA1-3B6C-4671-9515-D6F48E26B274}.Debug|Win32.Build.0 = Debug|Win32
		{B093CBA1-3B6C-4671-9515-D6F48E26B274}.Release|Win32.ActiveCfg = Release|Win32
		{B093CBA1-3B6C-4671-9515-D6F48E26B274}.Release|Win32.Build.0 = Release|Win32
	EndGlobalSection
	GlobalSection(SolutionProperties) = preSolution
		HideSolutionNode = FALSE
	EndGlobalSection
EndGlobal
