
Microsoft Visual Studio Solution File, Format Version 11.00
# Visual C++ Express 2010
Project("{8BC9CEB8-8B4A-11D0-8D11-00A0C91BC942}") = "p04_2", "p04_2\p04_2.vcxproj", "{E0385E58-82E2-4299-8AE7-567C75FAECBD}"
EndProject
Global
	GlobalSection(SolutionConfigurationPlatforms) = preSolution
		Debug|Win32 = Debug|Win32
		Release|Win32 = Release|Win32
	EndGlobalSection
	GlobalSection(ProjectConfigurationPlatforms) = postSolution
		{E0385E58-82E2-4299-8AE7-567C75FAECBD}.Debug|Win32.ActiveCfg = Debug|Win32
		{E0385E58-82E2-4299-8AE7-567C75FAECBD}.Debug|Win32.Build.0 = Debug|Win32
		{E0385E58-82E2-4299-8AE7-567C75FAECBD}.Release|Win32.ActiveCfg = Release|Win32
		{E0385E58-82E2-4299-8AE7-567C75FAECBD}.Release|Win32.Build.0 = Release|Win32
	EndGlobalSection
	GlobalSection(SolutionProperties) = preSolution
		HideSolutionNode = FALSE
	EndGlobalSection
EndGlobal
