
Microsoft Visual Studio Solution File, Format Version 11.00
# Visual C++ Express 2010
Project("{8BC9CEB8-8B4A-11D0-8D11-00A0C91BC942}") = "p051", "p051\p051.vcxproj", "{194C3CE5-20B1-4E91-9257-62CA026D4D27}"
EndProject
Global
	GlobalSection(SolutionConfigurationPlatforms) = preSolution
		Debug|Win32 = Debug|Win32
		Release|Win32 = Release|Win32
	EndGlobalSection
	GlobalSection(ProjectConfigurationPlatforms) = postSolution
		{194C3CE5-20B1-4E91-9257-62CA026D4D27}.Debug|Win32.ActiveCfg = Debug|Win32
		{194C3CE5-20B1-4E91-9257-62CA026D4D27}.Debug|Win32.Build.0 = Debug|Win32
		{194C3CE5-20B1-4E91-9257-62CA026D4D27}.Release|Win32.ActiveCfg = Release|Win32
		{194C3CE5-20B1-4E91-9257-62CA026D4D27}.Release|Win32.Build.0 = Release|Win32
	EndGlobalSection
	GlobalSection(SolutionProperties) = preSolution
		HideSolutionNode = FALSE
	EndGlobalSection
EndGlobal
